
Microsoft Visual Studio Solution File, Format Version 12.00
# Visual Studio Version 17
VisualStudioVersion = 17.2.32602.215
MinimumVisualStudioVersion = 10.0.40219.1
Project("{9A19103F-16F7-4668-BE54-9A1E7A4F7556}") = "AP2_Albert", "AP2_Albert.csproj", "{0D82CDDE-216A-4F7D-8632-C8AD782F53DE}"
EndProject
Global
	GlobalSection(SolutionConfigurationPlatforms) = preSolution
		Debug|Any CPU = Debug|Any CPU
		Release|Any CPU = Release|Any CPU
	EndGlobalSection
	GlobalSection(ProjectConfigurationPlatforms) = postSolution
		{0D82CDDE-216A-4F7D-8632-C8AD782F53DE}.Debug|Any CPU.ActiveCfg = Debug|Any CPU
		{0D82CDDE-216A-4F7D-8632-C8AD782F53DE}.Debug|Any CPU.Build.0 = Debug|Any CPU
		{0D82CDDE-216A-4F7D-8632-C8AD782F53DE}.Release|Any CPU.ActiveCfg = Release|Any CPU
		{0D82CDDE-216A-4F7D-8632-C8AD782F53DE}.Release|Any CPU.Build.0 = Release|Any CPU
	EndGlobalSection
	GlobalSection(SolutionProperties) = preSolution
		HideSolutionNode = FALSE
	EndGlobalSection
	GlobalSection(ExtensibilityGlobals) = postSolution
		SolutionGuid = {1D1A1EB7-83EC-4B53-96A7-2348246E2376}
	EndGlobalSection
EndGlobal
